
Microsoft Visual Studio Solution File, Format Version 12.00
# Visual Studio Version 17
VisualStudioVersion = 17.0.31919.166
MinimumVisualStudioVersion = 10.0.40219.1
Project("{9A19103F-16F7-4668-BE54-9A1E7A4F7556}") = "InternLog.Api", "InternLog.Api\InternLog.Api.csproj", "{6348DBEA-3D14-4B0D-B56D-3EDF205C0012}"
EndProject
Project("{9A19103F-16F7-4668-BE54-9A1E7A4F7556}") = "InternLog.Domain", "InternLog.Domain\InternLog.Domain.csproj", "{469D8AD2-BB0B-48B6-A3BC-66C95EDB6296}"
EndProject
Project("{9A19103F-16F7-4668-BE54-9A1E7A4F7556}") = "InternLog.IntegrationTests", "InternLog.IntegrationTests\InternLog.IntegrationTests.csproj", "{CA1EAAB0-0D1E-40DB-A00E-15809ADEFA57}"
EndProject
Project("{54A90642-561A-4BB1-A94E-469ADEE60C69}") = "clientapp", "clientapp\clientapp.esproj", "{F1D07694-814A-4D90-BF49-599369C77F47}"
EndProject
Global
	GlobalSection(SolutionConfigurationPlatforms) = preSolution
		Debug|Any CPU = Debug|Any CPU
		Release|Any CPU = Release|Any CPU
	EndGlobalSection
	GlobalSection(ProjectConfigurationPlatforms) = postSolution
		{6348DBEA-3D14-4B0D-B56D-3EDF205C0012}.Debug|Any CPU.ActiveCfg = Debug|Any CPU
		{6348DBEA-3D14-4B0D-B56D-3EDF205C0012}.Debug|Any CPU.Build.0 = Debug|Any CPU
		{6348DBEA-3D14-4B0D-B56D-3EDF205C0012}.Release|Any CPU.ActiveCfg = Release|Any CPU
		{6348DBEA-3D14-4B0D-B56D-3EDF205C0012}.Release|Any CPU.Build.0 = Release|Any CPU
		{469D8AD2-BB0B-48B6-A3BC-66C95EDB6296}.Debug|Any CPU.ActiveCfg = Debug|Any CPU
		{469D8AD2-BB0B-48B6-A3BC-66C95EDB6296}.Debug|Any CPU.Build.0 = Debug|Any CPU
		{469D8AD2-BB0B-48B6-A3BC-66C95EDB6296}.Release|Any CPU.ActiveCfg = Release|Any CPU
		{469D8AD2-BB0B-48B6-A3BC-66C95EDB6296}.Release|Any CPU.Build.0 = Release|Any CPU
		{CA1EAAB0-0D1E-40DB-A00E-15809ADEFA57}.Debug|Any CPU.ActiveCfg = Debug|Any CPU
		{CA1EAAB0-0D1E-40DB-A00E-15809ADEFA57}.Debug|Any CPU.Build.0 = Debug|Any CPU
		{CA1EAAB0-0D1E-40DB-A00E-15809ADEFA57}.Release|Any CPU.ActiveCfg = Release|Any CPU
		{CA1EAAB0-0D1E-40DB-A00E-15809ADEFA57}.Release|Any CPU.Build.0 = Release|Any CPU
		{F1D07694-814A-4D90-BF49-599369C77F47}.Debug|Any CPU.ActiveCfg = Debug|Any CPU
		{F1D07694-814A-4D90-BF49-599369C77F47}.Debug|Any CPU.Build.0 = Debug|Any CPU
		{F1D07694-814A-4D90-BF49-599369C77F47}.Debug|Any CPU.Deploy.0 = Debug|Any CPU
		{F1D07694-814A-4D90-BF49-599369C77F47}.Release|Any CPU.ActiveCfg = Release|Any CPU
		{F1D07694-814A-4D90-BF49-599369C77F47}.Release|Any CPU.Build.0 = Release|Any CPU
		{F1D07694-814A-4D90-BF49-599369C77F47}.Release|Any CPU.Deploy.0 = Release|Any CPU
	EndGlobalSection
	GlobalSection(SolutionProperties) = preSolution
		HideSolutionNode = FALSE
	EndGlobalSection
	GlobalSection(ExtensibilityGlobals) = postSolution
		SolutionGuid = {00D6DE78-5C44-421B-83A5-62097899B61B}
	EndGlobalSection
EndGlobal
